
Microsoft Visual Studio Solution File, Format Version 12.00
# Visual Studio Version 16
VisualStudioVersion = 16.0.30704.19
MinimumVisualStudioVersion = 10.0.40219.1
Project("{9A19103F-16F7-4668-BE54-9A1E7A4F7556}") = "EntrySheet.WebApp", "EntrySheet.WebApp\EntrySheet.WebApp.csproj", "{C5FF979D-D008-4687-A9CA-90CEA2475CC2}"
EndProject
Project("{2150E333-8FDC-42A3-9474-1A3956D46DE8}") = "Pipeline", "Pipeline", "{AB84DE64-2094-4EAB-B088-5F4E89B00A0B}"
	ProjectSection(SolutionItems) = preProject
		..\Pipelines\azure-pipeline.yml = ..\Pipelines\azure-pipeline.yml
	EndProjectSection
EndProject
Global
	GlobalSection(SolutionConfigurationPlatforms) = preSolution
		Debug|Any CPU = Debug|Any CPU
		Release|Any CPU = Release|Any CPU
	EndGlobalSection
	GlobalSection(ProjectConfigurationPlatforms) = postSolution
		{C5FF979D-D008-4687-A9CA-90CEA2475CC2}.Debug|Any CPU.ActiveCfg = Debug|Any CPU
		{C5FF979D-D008-4687-A9CA-90CEA2475CC2}.Debug|Any CPU.Build.0 = Debug|Any CPU
		{C5FF979D-D008-4687-A9CA-90CEA2475CC2}.Release|Any CPU.ActiveCfg = Release|Any CPU
		{C5FF979D-D008-4687-A9CA-90CEA2475CC2}.Release|Any CPU.Build.0 = Release|Any CPU
	EndGlobalSection
	GlobalSection(SolutionProperties) = preSolution
		HideSolutionNode = FALSE
	EndGlobalSection
	GlobalSection(ExtensibilityGlobals) = postSolution
		SolutionGuid = {A7F59FBA-7AD9-413D-9993-7ACFC20EC855}
	EndGlobalSection
EndGlobal
